
Microsoft Visual Studio Solution File, Format Version 12.00
# Visual Studio Version 16
VisualStudioVersion = 16.0.30717.126
MinimumVisualStudioVersion = 10.0.40219.1
Project("{888888A0-9F3D-457C-B088-3A5042F75D52}") = "telegram_bot", "telegram_bot\telegram_bot.pyproj", "{A5BEF0C2-AA91-4557-8180-815984718359}"
EndProject
Global
	GlobalSection(SolutionConfigurationPlatforms) = preSolution
		Debug|Any CPU = Debug|Any CPU
		Release|Any CPU = Release|Any CPU
	EndGlobalSection
	GlobalSection(ProjectConfigurationPlatforms) = postSolution
		{A5BEF0C2-AA91-4557-8180-815984718359}.Debug|Any CPU.ActiveCfg = Debug|Any CPU
		{A5BEF0C2-AA91-4557-8180-815984718359}.Release|Any CPU.ActiveCfg = Release|Any CPU
	EndGlobalSection
	GlobalSection(SolutionProperties) = preSolution
		HideSolutionNode = FALSE
	EndGlobalSection
	GlobalSection(ExtensibilityGlobals) = postSolution
		SolutionGuid = {D678AA15-E6AF-4DDE-93F5-7D40F700D2E9}
	EndGlobalSection
EndGlobal
